Microsoft Visual Studio Solution File, Format Version 11.00
# Visual Studio 2008

Project("{935F2397-4644-B85F-16D8-B134895F8AEA}") = "Pong Game", "Assembly-CSharp.csproj", "{8EADEFF2-C0A2-0287-D4EE-7A2724B1D88E}"
EndProject
Global
	GlobalSection(SolutionConfigurationPlatforms) = preSolution
		Debug|Any CPU = Debug|Any CPU
		Release|Any CPU = Release|Any CPU
	EndGlobalSection
	GlobalSection(ProjectConfigurationPlatforms) = postSolution
		{8EADEFF2-C0A2-0287-D4EE-7A2724B1D88E}.Debug|Any CPU.ActiveCfg = Debug|Any CPU
		{8EADEFF2-C0A2-0287-D4EE-7A2724B1D88E}.Debug|Any CPU.Build.0 = Debug|Any CPU
		{8EADEFF2-C0A2-0287-D4EE-7A2724B1D88E}.Release|Any CPU.ActiveCfg = Release|Any CPU
		{8EADEFF2-C0A2-0287-D4EE-7A2724B1D88E}.Release|Any CPU.Build.0 = Release|Any CPU
	EndGlobalSection
	GlobalSection(SolutionProperties) = preSolution
		HideSolutionNode = FALSE
	EndGlobalSection
	GlobalSection(MonoDevelopProperties) = preSolution
		StartupItem = Assembly-CSharp.csproj
	EndGlobalSection
EndGlobal
